
Microsoft Visual Studio Solution File, Format Version 12.00
# Visual Studio Version 16
VisualStudioVersion = 16.0.32510.428
MinimumVisualStudioVersion = 10.0.40219.1
Project("{FAE04EC0-301F-11D3-BF4B-00C04F79EFBC}") = "Net core 1-1", "Net core 1-1\Net core 1-1.csproj", "{6C63FD3D-CD0F-4B32-AB42-9A94C0300E60}"
EndProject
Global
	GlobalSection(SolutionConfigurationPlatforms) = preSolution
		Debug|Any CPU = Debug|Any CPU
		Release|Any CPU = Release|Any CPU
	EndGlobalSection
	GlobalSection(ProjectConfigurationPlatforms) = postSolution
		{6C63FD3D-CD0F-4B32-AB42-9A94C0300E60}.Debug|Any CPU.ActiveCfg = Debug|Any CPU
		{6C63FD3D-CD0F-4B32-AB42-9A94C0300E60}.Debug|Any CPU.Build.0 = Debug|Any CPU
		{6C63FD3D-CD0F-4B32-AB42-9A94C0300E60}.Release|Any CPU.ActiveCfg = Release|Any CPU
		{6C63FD3D-CD0F-4B32-AB42-9A94C0300E60}.Release|Any CPU.Build.0 = Release|Any CPU
	EndGlobalSection
	GlobalSection(SolutionProperties) = preSolution
		HideSolutionNode = FALSE
	EndGlobalSection
	GlobalSection(ExtensibilityGlobals) = postSolution
		SolutionGuid = {FF3E5ECB-C25D-4708-8047-AC01750DDB78}
	EndGlobalSection
EndGlobal
